# This file is autogenerated, do not edit; changes may be undone by the next 'dep ensure'.


[[projects]]
  branch = "master"
  name = "github.com/bamiaux/rez"
  packages = ["."]
  revision = "29f4463c688b986c11f166b12734f69b58b5555f"

[[projects]]
  name = "github.com/steakknife/hamming"
  packages = ["."]
  revision = "5ac3f73b8842df21423978fbbeb5166670f6f73e"
  version = "0.2.3"

[solve-meta]
  analyzer-name = "dep"
  analyzer-version = 1
  inputs-digest = "2ae38ac846d573958797740b71cea12dfa3d9b512e33746f745980400c9e5a6c"
  solver-name = "gps-cdcl"
  solver-version = 1
