# This file is autogenerated, do not edit; changes may be undone by the next 'dep ensure'.


[[projects]]
  branch = "master"
  digest = "1:a058b48ec9fad1403482552ed04666f16a244b05b6968a2bc43a6cf6ebc350a8"
  name = "github.com/mjibson/go-dsp"
  packages = [
    "dsputils",
    "fft",
  ]
  pruneopts = "UT"
  revision = "11479a337f1259210b7c8f93f7bf2b0cc87b066e"

[[projects]]
  branch = "master"
  digest = "1:34534b73e925d20cc72cf202f8b482fdcbe3a1b113e19375f31aadabd0f0f97d"
  name = "github.com/nfnt/resize"
  packages = ["."]
  pruneopts = "UT"
  revision = "83c6a9932646f83e3267f353373d47347b6036b2"

[[projects]]
  digest = "1:f50321d0428c411f975a1d02387cb9940157ad6893bc42d510a91da4eb869f9b"
  name = "github.com/r9y9/gossp"
  packages = ["dct"]
  pruneopts = "UT"
  revision = "9bc962af48401d95d0ff09d54d71e812d85592b2"
  version = "v0.0.1"

[[projects]]
  digest = "1:5ca4bdccd72e66aaba5b52f9c4a21f1021102f0919432fe138ad5d48abf06833"
  name = "github.com/steakknife/hamming"
  packages = ["."]
  pruneopts = "UT"
  revision = "003c143a81c25ea5e263d692919c611c7122ae6b"
  version = "0.2.5"

[solve-meta]
  analyzer-name = "dep"
  analyzer-version = 1
  input-imports = [
    "github.com/nfnt/resize",
    "github.com/r9y9/gossp/dct",
    "github.com/steakknife/hamming",
  ]
  solver-name = "gps-cdcl"
  solver-version = 1
